
Microsoft Visual Studio Solution File, Format Version 12.00
# Visual Studio 15
VisualStudioVersion = 15.0.27130.2036
MinimumVisualStudioVersion = 10.0.40219.1
Project("{FAE04EC0-301F-11D3-BF4B-00C04F79EFBC}") = "NLPProj2", "NLPProj2\NLPProj2.csproj", "{5C0A1443-BBCF-4376-8D18-31260455F718}"
EndProject
Global
	GlobalSection(SolutionConfigurationPlatforms) = preSolution
		Debug|Any CPU = Debug|Any CPU
		Release|Any CPU = Release|Any CPU
	EndGlobalSection
	GlobalSection(ProjectConfigurationPlatforms) = postSolution
		{5C0A1443-BBCF-4376-8D18-31260455F718}.Debug|Any CPU.ActiveCfg = Debug|Any CPU
		{5C0A1443-BBCF-4376-8D18-31260455F718}.Debug|Any CPU.Build.0 = Debug|Any CPU
		{5C0A1443-BBCF-4376-8D18-31260455F718}.Release|Any CPU.ActiveCfg = Release|Any CPU
		{5C0A1443-BBCF-4376-8D18-31260455F718}.Release|Any CPU.Build.0 = Release|Any CPU
	EndGlobalSection
	GlobalSection(SolutionProperties) = preSolution
		HideSolutionNode = FALSE
	EndGlobalSection
	GlobalSection(ExtensibilityGlobals) = postSolution
		SolutionGuid = {8796684A-4FBA-46FF-8708-50B28E6244FF}
	EndGlobalSection
EndGlobal
